
Microsoft Visual Studio Solution File, Format Version 12.00
# Visual Studio Version 17
VisualStudioVersion = 17.5.33414.496
MinimumVisualStudioVersion = 10.0.40219.1
Project("{9A19103F-16F7-4668-BE54-9A1E7A4F7556}") = "Kosu Mesafesi Hesaplama", "Kosu Mesafesi Hesaplama\Kosu Mesafesi Hesaplama.csproj", "{EC4A93F5-3797-4266-8CEA-00931212A053}"
EndProject
Global
	GlobalSection(SolutionConfigurationPlatforms) = preSolution
		Debug|Any CPU = Debug|Any CPU
		Release|Any CPU = Release|Any CPU
	EndGlobalSection
	GlobalSection(ProjectConfigurationPlatforms) = postSolution
		{EC4A93F5-3797-4266-8CEA-00931212A053}.Debug|Any CPU.ActiveCfg = Debug|Any CPU
		{EC4A93F5-3797-4266-8CEA-00931212A053}.Debug|Any CPU.Build.0 = Debug|Any CPU
		{EC4A93F5-3797-4266-8CEA-00931212A053}.Release|Any CPU.ActiveCfg = Release|Any CPU
		{EC4A93F5-3797-4266-8CEA-00931212A053}.Release|Any CPU.Build.0 = Release|Any CPU
	EndGlobalSection
	GlobalSection(SolutionProperties) = preSolution
		HideSolutionNode = FALSE
	EndGlobalSection
	GlobalSection(ExtensibilityGlobals) = postSolution
		SolutionGuid = {FF22AE17-F7DB-4536-96AB-008B8E29CA9E}
	EndGlobalSection
EndGlobal
